
Microsoft Visual Studio Solution File, Format Version 12.00
# Visual Studio Version 16
VisualStudioVersion = 16.0.29519.181
MinimumVisualStudioVersion = 10.0.40219.1
Project("{FAE04EC0-301F-11D3-BF4B-00C04F79EFBC}") = "ProjectApollo", "ProjectApollo\ProjectApollo.csproj", "{A8448B6B-4AE8-4EEA-A2EC-424F01550DFC}"
EndProject
Global
	GlobalSection(SolutionConfigurationPlatforms) = preSolution
		Debug|Any CPU = Debug|Any CPU
		Release|Any CPU = Release|Any CPU
	EndGlobalSection
	GlobalSection(ProjectConfigurationPlatforms) = postSolution
		{A8448B6B-4AE8-4EEA-A2EC-424F01550DFC}.Debug|Any CPU.ActiveCfg = Debug|Any CPU
		{A8448B6B-4AE8-4EEA-A2EC-424F01550DFC}.Debug|Any CPU.Build.0 = Debug|Any CPU
		{A8448B6B-4AE8-4EEA-A2EC-424F01550DFC}.Release|Any CPU.ActiveCfg = Release|Any CPU
		{A8448B6B-4AE8-4EEA-A2EC-424F01550DFC}.Release|Any CPU.Build.0 = Release|Any CPU
	EndGlobalSection
	GlobalSection(SolutionProperties) = preSolution
		HideSolutionNode = FALSE
	EndGlobalSection
	GlobalSection(ExtensibilityGlobals) = postSolution
		SolutionGuid = {CB126A61-98DD-401B-84A4-4B38295C1F6C}
	EndGlobalSection
EndGlobal
